
Microsoft Visual Studio Solution File, Format Version 12.00
# Visual Studio Version 17
VisualStudioVersion = 17.14.36915.13 d17.14
MinimumVisualStudioVersion = 10.0.40219.1
Project("{FAE04EC0-301F-11D3-BF4B-00C04F79EFBC}") = "OOP05", "OOP05\OOP05.csproj", "{43033B0C-F66E-45FF-8C94-A6AC4C28C1B3}"
EndProject
Global
	GlobalSection(SolutionConfigurationPlatforms) = preSolution
		Debug|Any CPU = Debug|Any CPU
		Release|Any CPU = Release|Any CPU
	EndGlobalSection
	GlobalSection(ProjectConfigurationPlatforms) = postSolution
		{43033B0C-F66E-45FF-8C94-A6AC4C28C1B3}.Debug|Any CPU.ActiveCfg = Debug|Any CPU
		{43033B0C-F66E-45FF-8C94-A6AC4C28C1B3}.Debug|Any CPU.Build.0 = Debug|Any CPU
		{43033B0C-F66E-45FF-8C94-A6AC4C28C1B3}.Release|Any CPU.ActiveCfg = Release|Any CPU
		{43033B0C-F66E-45FF-8C94-A6AC4C28C1B3}.Release|Any CPU.Build.0 = Release|Any CPU
	EndGlobalSection
	GlobalSection(SolutionProperties) = preSolution
		HideSolutionNode = FALSE
	EndGlobalSection
	GlobalSection(ExtensibilityGlobals) = postSolution
		SolutionGuid = {F76972A8-FB5C-4DB5-A9E4-6B8F3E1EA525}
	EndGlobalSection
EndGlobal
